
Microsoft Visual Studio Solution File, Format Version 12.00
# Visual Studio Version 16
VisualStudioVersion = 16.0.29230.47
MinimumVisualStudioVersion = 10.0.40219.1
Project("{FAE04EC0-301F-11D3-BF4B-00C04F79EFBC}") = "tttttt", "tttttt.csproj", "{B997FF4B-B581-4894-8FE3-B1B985C79FE4}"
EndProject
Global
	GlobalSection(SolutionConfigurationPlatforms) = preSolution
		Debug|Any CPU = Debug|Any CPU
		Release|Any CPU = Release|Any CPU
	EndGlobalSection
	GlobalSection(ProjectConfigurationPlatforms) = postSolution
		{B997FF4B-B581-4894-8FE3-B1B985C79FE4}.Debug|Any CPU.ActiveCfg = Debug|Any CPU
		{B997FF4B-B581-4894-8FE3-B1B985C79FE4}.Debug|Any CPU.Build.0 = Debug|Any CPU
		{B997FF4B-B581-4894-8FE3-B1B985C79FE4}.Release|Any CPU.ActiveCfg = Release|Any CPU
		{B997FF4B-B581-4894-8FE3-B1B985C79FE4}.Release|Any CPU.Build.0 = Release|Any CPU
	EndGlobalSection
	GlobalSection(SolutionProperties) = preSolution
		HideSolutionNode = FALSE
	EndGlobalSection
	GlobalSection(ExtensibilityGlobals) = postSolution
		SolutionGuid = {30FC1A83-5A36-4839-B45A-D6D21A9DEAC8}
	EndGlobalSection
EndGlobal
